
Microsoft Visual Studio Solution File, Format Version 12.00
Project("{FAE04EC0-301F-11D3-BF4B-00C04F79EFBC}") = "LeetcodeAnswer", "LeetcodeAnswer.csproj", "{7A0137FC-F995-4E40-998A-E90222231FBC}"
EndProject
Global
	GlobalSection(SolutionConfigurationPlatforms) = preSolution
		Debug|Any CPU = Debug|Any CPU
		Release|Any CPU = Release|Any CPU
	EndGlobalSection
	GlobalSection(ProjectConfigurationPlatforms) = postSolution
		{7A0137FC-F995-4E40-998A-E90222231FBC}.Debug|Any CPU.ActiveCfg = Debug|Any CPU
		{7A0137FC-F995-4E40-998A-E90222231FBC}.Debug|Any CPU.Build.0 = Debug|Any CPU
		{7A0137FC-F995-4E40-998A-E90222231FBC}.Release|Any CPU.ActiveCfg = Release|Any CPU
		{7A0137FC-F995-4E40-998A-E90222231FBC}.Release|Any CPU.Build.0 = Release|Any CPU
	EndGlobalSection
EndGlobal
